
Microsoft Visual Studio Solution File, Format Version 12.00
# Visual Studio 15
VisualStudioVersion = 15.0.27703.2035
MinimumVisualStudioVersion = 10.0.40219.1
Project("{FAE04EC0-301F-11D3-BF4B-00C04F79EFBC}") = "Tic Tac Toe Challenge", "Tic Tac Toe Challenge\Tic Tac Toe Challenge.csproj", "{177CDC39-7F79-4B4B-8CCD-D255D498D887}"
EndProject
Global
	GlobalSection(SolutionConfigurationPlatforms) = preSolution
		Debug|Any CPU = Debug|Any CPU
		Release|Any CPU = Release|Any CPU
	EndGlobalSection
	GlobalSection(ProjectConfigurationPlatforms) = postSolution
		{177CDC39-7F79-4B4B-8CCD-D255D498D887}.Debug|Any CPU.ActiveCfg = Debug|Any CPU
		{177CDC39-7F79-4B4B-8CCD-D255D498D887}.Debug|Any CPU.Build.0 = Debug|Any CPU
		{177CDC39-7F79-4B4B-8CCD-D255D498D887}.Release|Any CPU.ActiveCfg = Release|Any CPU
		{177CDC39-7F79-4B4B-8CCD-D255D498D887}.Release|Any CPU.Build.0 = Release|Any CPU
	EndGlobalSection
	GlobalSection(SolutionProperties) = preSolution
		HideSolutionNode = FALSE
	EndGlobalSection
	GlobalSection(ExtensibilityGlobals) = postSolution
		SolutionGuid = {08DC3F02-BF49-4911-9574-FE5D1D202D07}
	EndGlobalSection
EndGlobal
