
Microsoft Visual Studio Solution File, Format Version 12.00
# Visual Studio 15
VisualStudioVersion = 15.0.27703.2035
MinimumVisualStudioVersion = 10.0.40219.1
Project("{FAE04EC0-301F-11D3-BF4B-00C04F79EFBC}") = "Members and finalizers", "Members and finalizers\Members and finalizers.csproj", "{7AE2F4D0-33FC-4703-98A8-5EC9B4625925}"
EndProject
Global
	GlobalSection(SolutionConfigurationPlatforms) = preSolution
		Debug|Any CPU = Debug|Any CPU
		Release|Any CPU = Release|Any CPU
	EndGlobalSection
	GlobalSection(ProjectConfigurationPlatforms) = postSolution
		{7AE2F4D0-33FC-4703-98A8-5EC9B4625925}.Debug|Any CPU.ActiveCfg = Debug|Any CPU
		{7AE2F4D0-33FC-4703-98A8-5EC9B4625925}.Debug|Any CPU.Build.0 = Debug|Any CPU
		{7AE2F4D0-33FC-4703-98A8-5EC9B4625925}.Release|Any CPU.ActiveCfg = Release|Any CPU
		{7AE2F4D0-33FC-4703-98A8-5EC9B4625925}.Release|Any CPU.Build.0 = Release|Any CPU
	EndGlobalSection
	GlobalSection(SolutionProperties) = preSolution
		HideSolutionNode = FALSE
	EndGlobalSection
	GlobalSection(ExtensibilityGlobals) = postSolution
		SolutionGuid = {58C36B83-2235-4ECF-B6C9-423F9F6DF852}
	EndGlobalSection
EndGlobal
