
Microsoft Visual Studio Solution File, Format Version 12.00
# Visual Studio 15
VisualStudioVersion = 15.0.27703.2035
MinimumVisualStudioVersion = 10.0.40219.1
Project("{FAE04EC0-301F-11D3-BF4B-00C04F79EFBC}") = "Foreach Loops", "Foreach Loops\Foreach Loops.csproj", "{CE851A12-313B-4E97-B943-C4DE890DB4CC}"
EndProject
Global
	GlobalSection(SolutionConfigurationPlatforms) = preSolution
		Debug|Any CPU = Debug|Any CPU
		Release|Any CPU = Release|Any CPU
	EndGlobalSection
	GlobalSection(ProjectConfigurationPlatforms) = postSolution
		{CE851A12-313B-4E97-B943-C4DE890DB4CC}.Debug|Any CPU.ActiveCfg = Debug|Any CPU
		{CE851A12-313B-4E97-B943-C4DE890DB4CC}.Debug|Any CPU.Build.0 = Debug|Any CPU
		{CE851A12-313B-4E97-B943-C4DE890DB4CC}.Release|Any CPU.ActiveCfg = Release|Any CPU
		{CE851A12-313B-4E97-B943-C4DE890DB4CC}.Release|Any CPU.Build.0 = Release|Any CPU
	EndGlobalSection
	GlobalSection(SolutionProperties) = preSolution
		HideSolutionNode = FALSE
	EndGlobalSection
	GlobalSection(ExtensibilityGlobals) = postSolution
		SolutionGuid = {F01DA5E8-C9D2-46FB-B353-DFCB4EC86DFB}
	EndGlobalSection
EndGlobal
