
Microsoft Visual Studio Solution File, Format Version 12.00
# Visual Studio 15
VisualStudioVersion = 15.0.27703.2035
MinimumVisualStudioVersion = 10.0.40219.1
Project("{FAE04EC0-301F-11D3-BF4B-00C04F79EFBC}") = "Arrays as parameters", "Arrays as parameters\Arrays as parameters.csproj", "{F69E72DA-B7BB-4CC4-ADCE-721A8C83B97A}"
EndProject
Global
	GlobalSection(SolutionConfigurationPlatforms) = preSolution
		Debug|Any CPU = Debug|Any CPU
		Release|Any CPU = Release|Any CPU
	EndGlobalSection
	GlobalSection(ProjectConfigurationPlatforms) = postSolution
		{F69E72DA-B7BB-4CC4-ADCE-721A8C83B97A}.Debug|Any CPU.ActiveCfg = Debug|Any CPU
		{F69E72DA-B7BB-4CC4-ADCE-721A8C83B97A}.Debug|Any CPU.Build.0 = Debug|Any CPU
		{F69E72DA-B7BB-4CC4-ADCE-721A8C83B97A}.Release|Any CPU.ActiveCfg = Release|Any CPU
		{F69E72DA-B7BB-4CC4-ADCE-721A8C83B97A}.Release|Any CPU.Build.0 = Release|Any CPU
	EndGlobalSection
	GlobalSection(SolutionProperties) = preSolution
		HideSolutionNode = FALSE
	EndGlobalSection
	GlobalSection(ExtensibilityGlobals) = postSolution
		SolutionGuid = {DDF6D621-FB51-4AEA-A987-CB6980A04584}
	EndGlobalSection
EndGlobal
