
Microsoft Visual Studio Solution File, Format Version 12.00
# Visual Studio 15
VisualStudioVersion = 15.0.27703.2035
MinimumVisualStudioVersion = 10.0.40219.1
Project("{FAE04EC0-301F-11D3-BF4B-00C04F79EFBC}") = "Challenge 5", "Challenge 5\Challenge 5.csproj", "{4DC6EDAB-5392-405D-AB7C-52710BB5C7A9}"
EndProject
Global
	GlobalSection(SolutionConfigurationPlatforms) = preSolution
		Debug|Any CPU = Debug|Any CPU
		Release|Any CPU = Release|Any CPU
	EndGlobalSection
	GlobalSection(ProjectConfigurationPlatforms) = postSolution
		{4DC6EDAB-5392-405D-AB7C-52710BB5C7A9}.Debug|Any CPU.ActiveCfg = Debug|Any CPU
		{4DC6EDAB-5392-405D-AB7C-52710BB5C7A9}.Debug|Any CPU.Build.0 = Debug|Any CPU
		{4DC6EDAB-5392-405D-AB7C-52710BB5C7A9}.Release|Any CPU.ActiveCfg = Release|Any CPU
		{4DC6EDAB-5392-405D-AB7C-52710BB5C7A9}.Release|Any CPU.Build.0 = Release|Any CPU
	EndGlobalSection
	GlobalSection(SolutionProperties) = preSolution
		HideSolutionNode = FALSE
	EndGlobalSection
	GlobalSection(ExtensibilityGlobals) = postSolution
		SolutionGuid = {93AECBA4-6E7B-484A-83D2-632F42FFDAD5}
	EndGlobalSection
EndGlobal
