
Microsoft Visual Studio Solution File, Format Version 12.00
# Visual Studio 15
VisualStudioVersion = 15.0.27703.2035
MinimumVisualStudioVersion = 10.0.40219.1
Project("{FAE04EC0-301F-11D3-BF4B-00C04F79EFBC}") = "ConsoleApp3", "ConsoleApp3\ConsoleApp3.csproj", "{EE0475B1-B696-4DB8-8809-96B2412CF811}"
EndProject
Global
	GlobalSection(SolutionConfigurationPlatforms) = preSolution
		Debug|Any CPU = Debug|Any CPU
		Release|Any CPU = Release|Any CPU
	EndGlobalSection
	GlobalSection(ProjectConfigurationPlatforms) = postSolution
		{EE0475B1-B696-4DB8-8809-96B2412CF811}.Debug|Any CPU.ActiveCfg = Debug|Any CPU
		{EE0475B1-B696-4DB8-8809-96B2412CF811}.Debug|Any CPU.Build.0 = Debug|Any CPU
		{EE0475B1-B696-4DB8-8809-96B2412CF811}.Release|Any CPU.ActiveCfg = Release|Any CPU
		{EE0475B1-B696-4DB8-8809-96B2412CF811}.Release|Any CPU.Build.0 = Release|Any CPU
	EndGlobalSection
	GlobalSection(SolutionProperties) = preSolution
		HideSolutionNode = FALSE
	EndGlobalSection
	GlobalSection(ExtensibilityGlobals) = postSolution
		SolutionGuid = {731316D5-AF98-4B89-BFCA-B15824007CDC}
	EndGlobalSection
EndGlobal
