
Microsoft Visual Studio Solution File, Format Version 12.00
# Visual Studio 15
VisualStudioVersion = 15.0.27703.2035
MinimumVisualStudioVersion = 10.0.40219.1
Project("{FAE04EC0-301F-11D3-BF4B-00C04F79EFBC}") = "Challenge 3 solve", "Challenge 3 solve\Challenge 3 solve.csproj", "{DB65ADD0-ACB7-4A01-9E19-EE1D70D51C75}"
EndProject
Global
	GlobalSection(SolutionConfigurationPlatforms) = preSolution
		Debug|Any CPU = Debug|Any CPU
		Release|Any CPU = Release|Any CPU
	EndGlobalSection
	GlobalSection(ProjectConfigurationPlatforms) = postSolution
		{DB65ADD0-ACB7-4A01-9E19-EE1D70D51C75}.Debug|Any CPU.ActiveCfg = Debug|Any CPU
		{DB65ADD0-ACB7-4A01-9E19-EE1D70D51C75}.Debug|Any CPU.Build.0 = Debug|Any CPU
		{DB65ADD0-ACB7-4A01-9E19-EE1D70D51C75}.Release|Any CPU.ActiveCfg = Release|Any CPU
		{DB65ADD0-ACB7-4A01-9E19-EE1D70D51C75}.Release|Any CPU.Build.0 = Release|Any CPU
	EndGlobalSection
	GlobalSection(SolutionProperties) = preSolution
		HideSolutionNode = FALSE
	EndGlobalSection
	GlobalSection(ExtensibilityGlobals) = postSolution
		SolutionGuid = {AC41019C-5ABF-4B14-AD98-AA7C333DA12C}
	EndGlobalSection
EndGlobal
