
Microsoft Visual Studio Solution File, Format Version 12.00
# Visual Studio 15
VisualStudioVersion = 15.0.27703.2035
MinimumVisualStudioVersion = 10.0.40219.1
Project("{FAE04EC0-301F-11D3-BF4B-00C04F79EFBC}") = "Properties and encapsulation", "Properties and encapsulation\Properties and encapsulation.csproj", "{F3808EE0-6865-4A59-A20B-DE44FA8F43DD}"
EndProject
Global
	GlobalSection(SolutionConfigurationPlatforms) = preSolution
		Debug|Any CPU = Debug|Any CPU
		Release|Any CPU = Release|Any CPU
	EndGlobalSection
	GlobalSection(ProjectConfigurationPlatforms) = postSolution
		{F3808EE0-6865-4A59-A20B-DE44FA8F43DD}.Debug|Any CPU.ActiveCfg = Debug|Any CPU
		{F3808EE0-6865-4A59-A20B-DE44FA8F43DD}.Debug|Any CPU.Build.0 = Debug|Any CPU
		{F3808EE0-6865-4A59-A20B-DE44FA8F43DD}.Release|Any CPU.ActiveCfg = Release|Any CPU
		{F3808EE0-6865-4A59-A20B-DE44FA8F43DD}.Release|Any CPU.Build.0 = Release|Any CPU
	EndGlobalSection
	GlobalSection(SolutionProperties) = preSolution
		HideSolutionNode = FALSE
	EndGlobalSection
	GlobalSection(ExtensibilityGlobals) = postSolution
		SolutionGuid = {E79AEC4D-94B7-4790-A8E5-D03427BEF592}
	EndGlobalSection
EndGlobal
